
Microsoft Visual Studio Solution File, Format Version 12.00
# Visual Studio Version 17
VisualStudioVersion = 17.0.0.0
Project("{FAE04EC0-301F-11D3-BF4B-00C04F79EFBC}") = "NPS.Core", "src\NPS.Core\NPS.Core.csproj", "{A1B2C3D4-E5F6-7890-ABCD-EF1234567890}"
EndProject
Project("{FAE04EC0-301F-11D3-BF4B-00C04F79EFBC}") = "NPS.NWP", "src\NPS.NWP\NPS.NWP.csproj", "{B2C3D4E5-F6A7-8901-BCDE-F12345678901}"
EndProject
Project("{2150E333-8FDC-42A3-9474-1A3956D46DE8}") = "tests", "tests", "{0AB3BF05-4346-4AA6-1389-037BE0695223}"
EndProject
Project("{FAE04EC0-301F-11D3-BF4B-00C04F79EFBC}") = "NPS.Tests", "tests\NPS.Tests\NPS.Tests.csproj", "{829AB33B-E293-4D8B-9CF0-2DDCBA00E8BB}"
EndProject
Project("{2150E333-8FDC-42A3-9474-1A3956D46DE8}") = "src", "src", "{827E0CD3-B72D-47B6-A68D-7590B98EB39B}"
EndProject
Project("{FAE04EC0-301F-11D3-BF4B-00C04F79EFBC}") = "NPS.NOP", "src\NPS.NOP\NPS.NOP.csproj", "{6A815BD2-0818-49EE-8BFE-FC5CE24D93B0}"
EndProject
Project("{FAE04EC0-301F-11D3-BF4B-00C04F79EFBC}") = "NPS.NipCaServer", "..\..\tools\nip-ca-server\NPS.NipCaServer.csproj", "{6A5B8499-FB1E-42DF-A89D-C7B812C51868}"
EndProject
Project("{FAE04EC0-301F-11D3-BF4B-00C04F79EFBC}") = "NPS.NIP", "src\NPS.NIP\NPS.NIP.csproj", "{B6239380-F6EF-49DA-97F8-20777677B547}"
EndProject
Project("{FAE04EC0-301F-11D3-BF4B-00C04F79EFBC}") = "NPS.NDP", "src\NPS.NDP\NPS.NDP.csproj", "{FC974E29-DDFC-4402-A51B-19BC8562A6B9}"
EndProject
Project("{FAE04EC0-301F-11D3-BF4B-00C04F79EFBC}") = "NPS.NWP.Gateway", "src\NPS.NWP.Gateway\NPS.NWP.Gateway.csproj", "{0A0436E0-6AF5-4B6A-BF09-75C93B173875}"
EndProject
Project("{2150E333-8FDC-42A3-9474-1A3956D46DE8}") = "benchmarks", "benchmarks", "{66320409-64EC-F7C5-3DEF-65E7510DAAD1}"
EndProject
Project("{FAE04EC0-301F-11D3-BF4B-00C04F79EFBC}") = "NPS.Benchmarks.TokenSavings", "benchmarks\NPS.Benchmarks.TokenSavings\NPS.Benchmarks.TokenSavings.csproj", "{589F3ECE-1E7B-4604-93F5-D9CD38885BDA}"
EndProject
Project("{2150E333-8FDC-42A3-9474-1A3956D46DE8}") = "samples", "samples", "{5D20AA90-6969-D8BD-9DCD-8634F4692FDA}"
EndProject
Project("{FAE04EC0-301F-11D3-BF4B-00C04F79EFBC}") = "NPS.Samples.NopDag", "samples\NPS.Samples.NopDag\NPS.Samples.NopDag.csproj", "{3078FF57-F883-41C4-8DDC-BA010E8E2F0B}"
EndProject
Project("{FAE04EC0-301F-11D3-BF4B-00C04F79EFBC}") = "NPS.Benchmarks.WireSize", "benchmarks\NPS.Benchmarks.WireSize\NPS.Benchmarks.WireSize.csproj", "{D69B0546-E144-4EDF-899B-81AE458FD8DC}"
EndProject
Global
	GlobalSection(SolutionConfigurationPlatforms) = preSolution
		Debug|Any CPU = Debug|Any CPU
		Debug|x64 = Debug|x64
		Debug|x86 = Debug|x86
		Release|Any CPU = Release|Any CPU
		Release|x64 = Release|x64
		Release|x86 = Release|x86
	EndGlobalSection
	GlobalSection(ProjectConfigurationPlatforms) = postSolution
		{A1B2C3D4-E5F6-7890-ABCD-EF1234567890}.Debug|Any CPU.ActiveCfg = Debug|Any CPU
		{A1B2C3D4-E5F6-7890-ABCD-EF1234567890}.Debug|Any CPU.Build.0 = Debug|Any CPU
		{A1B2C3D4-E5F6-7890-ABCD-EF1234567890}.Debug|x64.ActiveCfg = Debug|Any CPU
		{A1B2C3D4-E5F6-7890-ABCD-EF1234567890}.Debug|x64.Build.0 = Debug|Any CPU
		{A1B2C3D4-E5F6-7890-ABCD-EF1234567890}.Debug|x86.ActiveCfg = Debug|Any CPU
		{A1B2C3D4-E5F6-7890-ABCD-EF1234567890}.Debug|x86.Build.0 = Debug|Any CPU
		{A1B2C3D4-E5F6-7890-ABCD-EF1234567890}.Release|Any CPU.ActiveCfg = Release|Any CPU
		{A1B2C3D4-E5F6-7890-ABCD-EF1234567890}.Release|Any CPU.Build.0 = Release|Any CPU
		{A1B2C3D4-E5F6-7890-ABCD-EF1234567890}.Release|x64.ActiveCfg = Release|Any CPU
		{A1B2C3D4-E5F6-7890-ABCD-EF1234567890}.Release|x64.Build.0 = Release|Any CPU
		{A1B2C3D4-E5F6-7890-ABCD-EF1234567890}.Release|x86.ActiveCfg = Release|Any CPU
		{A1B2C3D4-E5F6-7890-ABCD-EF1234567890}.Release|x86.Build.0 = Release|Any CPU
		{B2C3D4E5-F6A7-8901-BCDE-F12345678901}.Debug|Any CPU.ActiveCfg = Debug|Any CPU
		{B2C3D4E5-F6A7-8901-BCDE-F12345678901}.Debug|Any CPU.Build.0 = Debug|Any CPU
		{B2C3D4E5-F6A7-8901-BCDE-F12345678901}.Debug|x64.ActiveCfg = Debug|Any CPU
		{B2C3D4E5-F6A7-8901-BCDE-F12345678901}.Debug|x64.Build.0 = Debug|Any CPU
		{B2C3D4E5-F6A7-8901-BCDE-F12345678901}.Debug|x86.ActiveCfg = Debug|Any CPU
		{B2C3D4E5-F6A7-8901-BCDE-F12345678901}.Debug|x86.Build.0 = Debug|Any CPU
		{B2C3D4E5-F6A7-8901-BCDE-F12345678901}.Release|Any CPU.ActiveCfg = Release|Any CPU
		{B2C3D4E5-F6A7-8901-BCDE-F12345678901}.Release|Any CPU.Build.0 = Release|Any CPU
		{B2C3D4E5-F6A7-8901-BCDE-F12345678901}.Release|x64.ActiveCfg = Release|Any CPU
		{B2C3D4E5-F6A7-8901-BCDE-F12345678901}.Release|x64.Build.0 = Release|Any CPU
		{B2C3D4E5-F6A7-8901-BCDE-F12345678901}.Release|x86.ActiveCfg = Release|Any CPU
		{B2C3D4E5-F6A7-8901-BCDE-F12345678901}.Release|x86.Build.0 = Release|Any CPU
		{829AB33B-E293-4D8B-9CF0-2DDCBA00E8BB}.Debug|Any CPU.ActiveCfg = Debug|Any CPU
		{829AB33B-E293-4D8B-9CF0-2DDCBA00E8BB}.Debug|Any CPU.Build.0 = Debug|Any CPU
		{829AB33B-E293-4D8B-9CF0-2DDCBA00E8BB}.Debug|x64.ActiveCfg = Debug|Any CPU
		{829AB33B-E293-4D8B-9CF0-2DDCBA00E8BB}.Debug|x64.Build.0 = Debug|Any CPU
		{829AB33B-E293-4D8B-9CF0-2DDCBA00E8BB}.Debug|x86.ActiveCfg = Debug|Any CPU
		{829AB33B-E293-4D8B-9CF0-2DDCBA00E8BB}.Debug|x86.Build.0 = Debug|Any CPU
		{829AB33B-E293-4D8B-9CF0-2DDCBA00E8BB}.Release|Any CPU.ActiveCfg = Release|Any CPU
		{829AB33B-E293-4D8B-9CF0-2DDCBA00E8BB}.Release|Any CPU.Build.0 = Release|Any CPU
		{829AB33B-E293-4D8B-9CF0-2DDCBA00E8BB}.Release|x64.ActiveCfg = Release|Any CPU
		{829AB33B-E293-4D8B-9CF0-2DDCBA00E8BB}.Release|x64.Build.0 = Release|Any CPU
		{829AB33B-E293-4D8B-9CF0-2DDCBA00E8BB}.Release|x86.ActiveCfg = Release|Any CPU
		{829AB33B-E293-4D8B-9CF0-2DDCBA00E8BB}.Release|x86.Build.0 = Release|Any CPU
		{6A815BD2-0818-49EE-8BFE-FC5CE24D93B0}.Debug|Any CPU.ActiveCfg = Debug|Any CPU
		{6A815BD2-0818-49EE-8BFE-FC5CE24D93B0}.Debug|Any CPU.Build.0 = Debug|Any CPU
		{6A815BD2-0818-49EE-8BFE-FC5CE24D93B0}.Debug|x64.ActiveCfg = Debug|Any CPU
		{6A815BD2-0818-49EE-8BFE-FC5CE24D93B0}.Debug|x64.Build.0 = Debug|Any CPU
		{6A815BD2-0818-49EE-8BFE-FC5CE24D93B0}.Debug|x86.ActiveCfg = Debug|Any CPU
		{6A815BD2-0818-49EE-8BFE-FC5CE24D93B0}.Debug|x86.Build.0 = Debug|Any CPU
		{6A815BD2-0818-49EE-8BFE-FC5CE24D93B0}.Release|Any CPU.ActiveCfg = Release|Any CPU
		{6A815BD2-0818-49EE-8BFE-FC5CE24D93B0}.Release|Any CPU.Build.0 = Release|Any CPU
		{6A815BD2-0818-49EE-8BFE-FC5CE24D93B0}.Release|x64.ActiveCfg = Release|Any CPU
		{6A815BD2-0818-49EE-8BFE-FC5CE24D93B0}.Release|x64.Build.0 = Release|Any CPU
		{6A815BD2-0818-49EE-8BFE-FC5CE24D93B0}.Release|x86.ActiveCfg = Release|Any CPU
		{6A815BD2-0818-49EE-8BFE-FC5CE24D93B0}.Release|x86.Build.0 = Release|Any CPU
		{6A5B8499-FB1E-42DF-A89D-C7B812C51868}.Debug|Any CPU.ActiveCfg = Debug|Any CPU
		{6A5B8499-FB1E-42DF-A89D-C7B812C51868}.Debug|Any CPU.Build.0 = Debug|Any CPU
		{6A5B8499-FB1E-42DF-A89D-C7B812C51868}.Debug|x64.ActiveCfg = Debug|Any CPU
		{6A5B8499-FB1E-42DF-A89D-C7B812C51868}.Debug|x64.Build.0 = Debug|Any CPU
		{6A5B8499-FB1E-42DF-A89D-C7B812C51868}.Debug|x86.ActiveCfg = Debug|Any CPU
		{6A5B8499-FB1E-42DF-A89D-C7B812C51868}.Debug|x86.Build.0 = Debug|Any CPU
		{6A5B8499-FB1E-42DF-A89D-C7B812C51868}.Release|Any CPU.ActiveCfg = Release|Any CPU
		{6A5B8499-FB1E-42DF-A89D-C7B812C51868}.Release|Any CPU.Build.0 = Release|Any CPU
		{6A5B8499-FB1E-42DF-A89D-C7B812C51868}.Release|x64.ActiveCfg = Release|Any CPU
		{6A5B8499-FB1E-42DF-A89D-C7B812C51868}.Release|x64.Build.0 = Release|Any CPU
		{6A5B8499-FB1E-42DF-A89D-C7B812C51868}.Release|x86.ActiveCfg = Release|Any CPU
		{6A5B8499-FB1E-42DF-A89D-C7B812C51868}.Release|x86.Build.0 = Release|Any CPU
		{B6239380-F6EF-49DA-97F8-20777677B547}.Debug|Any CPU.ActiveCfg = Debug|Any CPU
		{B6239380-F6EF-49DA-97F8-20777677B547}.Debug|Any CPU.Build.0 = Debug|Any CPU
		{B6239380-F6EF-49DA-97F8-20777677B547}.Debug|x64.ActiveCfg = Debug|Any CPU
		{B6239380-F6EF-49DA-97F8-20777677B547}.Debug|x64.Build.0 = Debug|Any CPU
		{B6239380-F6EF-49DA-97F8-20777677B547}.Debug|x86.ActiveCfg = Debug|Any CPU
		{B6239380-F6EF-49DA-97F8-20777677B547}.Debug|x86.Build.0 = Debug|Any CPU
		{B6239380-F6EF-49DA-97F8-20777677B547}.Release|Any CPU.ActiveCfg = Release|Any CPU
		{B6239380-F6EF-49DA-97F8-20777677B547}.Release|Any CPU.Build.0 = Release|Any CPU
		{B6239380-F6EF-49DA-97F8-20777677B547}.Release|x64.ActiveCfg = Release|Any CPU
		{B6239380-F6EF-49DA-97F8-20777677B547}.Release|x64.Build.0 = Release|Any CPU
		{B6239380-F6EF-49DA-97F8-20777677B547}.Release|x86.ActiveCfg = Release|Any CPU
		{B6239380-F6EF-49DA-97F8-20777677B547}.Release|x86.Build.0 = Release|Any CPU
		{FC974E29-DDFC-4402-A51B-19BC8562A6B9}.Debug|Any CPU.ActiveCfg = Debug|Any CPU
		{FC974E29-DDFC-4402-A51B-19BC8562A6B9}.Debug|Any CPU.Build.0 = Debug|Any CPU
		{FC974E29-DDFC-4402-A51B-19BC8562A6B9}.Debug|x64.ActiveCfg = Debug|Any CPU
		{FC974E29-DDFC-4402-A51B-19BC8562A6B9}.Debug|x64.Build.0 = Debug|Any CPU
		{FC974E29-DDFC-4402-A51B-19BC8562A6B9}.Debug|x86.ActiveCfg = Debug|Any CPU
		{FC974E29-DDFC-4402-A51B-19BC8562A6B9}.Debug|x86.Build.0 = Debug|Any CPU
		{FC974E29-DDFC-4402-A51B-19BC8562A6B9}.Release|Any CPU.ActiveCfg = Release|Any CPU
		{FC974E29-DDFC-4402-A51B-19BC8562A6B9}.Release|Any CPU.Build.0 = Release|Any CPU
		{FC974E29-DDFC-4402-A51B-19BC8562A6B9}.Release|x64.ActiveCfg = Release|Any CPU
		{FC974E29-DDFC-4402-A51B-19BC8562A6B9}.Release|x64.Build.0 = Release|Any CPU
		{FC974E29-DDFC-4402-A51B-19BC8562A6B9}.Release|x86.ActiveCfg = Release|Any CPU
		{FC974E29-DDFC-4402-A51B-19BC8562A6B9}.Release|x86.Build.0 = Release|Any CPU
		{0A0436E0-6AF5-4B6A-BF09-75C93B173875}.Debug|Any CPU.ActiveCfg = Debug|Any CPU
		{0A0436E0-6AF5-4B6A-BF09-75C93B173875}.Debug|Any CPU.Build.0 = Debug|Any CPU
		{0A0436E0-6AF5-4B6A-BF09-75C93B173875}.Debug|x64.ActiveCfg = Debug|Any CPU
		{0A0436E0-6AF5-4B6A-BF09-75C93B173875}.Debug|x64.Build.0 = Debug|Any CPU
		{0A0436E0-6AF5-4B6A-BF09-75C93B173875}.Debug|x86.ActiveCfg = Debug|Any CPU
		{0A0436E0-6AF5-4B6A-BF09-75C93B173875}.Debug|x86.Build.0 = Debug|Any CPU
		{0A0436E0-6AF5-4B6A-BF09-75C93B173875}.Release|Any CPU.ActiveCfg = Release|Any CPU
		{0A0436E0-6AF5-4B6A-BF09-75C93B173875}.Release|Any CPU.Build.0 = Release|Any CPU
		{0A0436E0-6AF5-4B6A-BF09-75C93B173875}.Release|x64.ActiveCfg = Release|Any CPU
		{0A0436E0-6AF5-4B6A-BF09-75C93B173875}.Release|x64.Build.0 = Release|Any CPU
		{0A0436E0-6AF5-4B6A-BF09-75C93B173875}.Release|x86.ActiveCfg = Release|Any CPU
		{0A0436E0-6AF5-4B6A-BF09-75C93B173875}.Release|x86.Build.0 = Release|Any CPU
		{589F3ECE-1E7B-4604-93F5-D9CD38885BDA}.Debug|Any CPU.ActiveCfg = Debug|Any CPU
		{589F3ECE-1E7B-4604-93F5-D9CD38885BDA}.Debug|Any CPU.Build.0 = Debug|Any CPU
		{589F3ECE-1E7B-4604-93F5-D9CD38885BDA}.Debug|x64.ActiveCfg = Debug|Any CPU
		{589F3ECE-1E7B-4604-93F5-D9CD38885BDA}.Debug|x64.Build.0 = Debug|Any CPU
		{589F3ECE-1E7B-4604-93F5-D9CD38885BDA}.Debug|x86.ActiveCfg = Debug|Any CPU
		{589F3ECE-1E7B-4604-93F5-D9CD38885BDA}.Debug|x86.Build.0 = Debug|Any CPU
		{589F3ECE-1E7B-4604-93F5-D9CD38885BDA}.Release|Any CPU.ActiveCfg = Release|Any CPU
		{589F3ECE-1E7B-4604-93F5-D9CD38885BDA}.Release|Any CPU.Build.0 = Release|Any CPU
		{589F3ECE-1E7B-4604-93F5-D9CD38885BDA}.Release|x64.ActiveCfg = Release|Any CPU
		{589F3ECE-1E7B-4604-93F5-D9CD38885BDA}.Release|x64.Build.0 = Release|Any CPU
		{589F3ECE-1E7B-4604-93F5-D9CD38885BDA}.Release|x86.ActiveCfg = Release|Any CPU
		{589F3ECE-1E7B-4604-93F5-D9CD38885BDA}.Release|x86.Build.0 = Release|Any CPU
		{3078FF57-F883-41C4-8DDC-BA010E8E2F0B}.Debug|Any CPU.ActiveCfg = Debug|Any CPU
		{3078FF57-F883-41C4-8DDC-BA010E8E2F0B}.Debug|Any CPU.Build.0 = Debug|Any CPU
		{3078FF57-F883-41C4-8DDC-BA010E8E2F0B}.Debug|x64.ActiveCfg = Debug|Any CPU
		{3078FF57-F883-41C4-8DDC-BA010E8E2F0B}.Debug|x64.Build.0 = Debug|Any CPU
		{3078FF57-F883-41C4-8DDC-BA010E8E2F0B}.Debug|x86.ActiveCfg = Debug|Any CPU
		{3078FF57-F883-41C4-8DDC-BA010E8E2F0B}.Debug|x86.Build.0 = Debug|Any CPU
		{3078FF57-F883-41C4-8DDC-BA010E8E2F0B}.Release|Any CPU.ActiveCfg = Release|Any CPU
		{3078FF57-F883-41C4-8DDC-BA010E8E2F0B}.Release|Any CPU.Build.0 = Release|Any CPU
		{3078FF57-F883-41C4-8DDC-BA010E8E2F0B}.Release|x64.ActiveCfg = Release|Any CPU
		{3078FF57-F883-41C4-8DDC-BA010E8E2F0B}.Release|x64.Build.0 = Release|Any CPU
		{3078FF57-F883-41C4-8DDC-BA010E8E2F0B}.Release|x86.ActiveCfg = Release|Any CPU
		{3078FF57-F883-41C4-8DDC-BA010E8E2F0B}.Release|x86.Build.0 = Release|Any CPU
		{D69B0546-E144-4EDF-899B-81AE458FD8DC}.Debug|Any CPU.ActiveCfg = Debug|Any CPU
		{D69B0546-E144-4EDF-899B-81AE458FD8DC}.Debug|Any CPU.Build.0 = Debug|Any CPU
		{D69B0546-E144-4EDF-899B-81AE458FD8DC}.Debug|x64.ActiveCfg = Debug|Any CPU
		{D69B0546-E144-4EDF-899B-81AE458FD8DC}.Debug|x64.Build.0 = Debug|Any CPU
		{D69B0546-E144-4EDF-899B-81AE458FD8DC}.Debug|x86.ActiveCfg = Debug|Any CPU
		{D69B0546-E144-4EDF-899B-81AE458FD8DC}.Debug|x86.Build.0 = Debug|Any CPU
		{D69B0546-E144-4EDF-899B-81AE458FD8DC}.Release|Any CPU.ActiveCfg = Release|Any CPU
		{D69B0546-E144-4EDF-899B-81AE458FD8DC}.Release|Any CPU.Build.0 = Release|Any CPU
		{D69B0546-E144-4EDF-899B-81AE458FD8DC}.Release|x64.ActiveCfg = Release|Any CPU
		{D69B0546-E144-4EDF-899B-81AE458FD8DC}.Release|x64.Build.0 = Release|Any CPU
		{D69B0546-E144-4EDF-899B-81AE458FD8DC}.Release|x86.ActiveCfg = Release|Any CPU
		{D69B0546-E144-4EDF-899B-81AE458FD8DC}.Release|x86.Build.0 = Release|Any CPU
	EndGlobalSection
	GlobalSection(SolutionProperties) = preSolution
		HideSolutionNode = FALSE
	EndGlobalSection
	GlobalSection(NestedProjects) = preSolution
		{829AB33B-E293-4D8B-9CF0-2DDCBA00E8BB} = {0AB3BF05-4346-4AA6-1389-037BE0695223}
		{6A815BD2-0818-49EE-8BFE-FC5CE24D93B0} = {827E0CD3-B72D-47B6-A68D-7590B98EB39B}
		{B6239380-F6EF-49DA-97F8-20777677B547} = {827E0CD3-B72D-47B6-A68D-7590B98EB39B}
		{FC974E29-DDFC-4402-A51B-19BC8562A6B9} = {827E0CD3-B72D-47B6-A68D-7590B98EB39B}
		{0A0436E0-6AF5-4B6A-BF09-75C93B173875} = {827E0CD3-B72D-47B6-A68D-7590B98EB39B}
		{589F3ECE-1E7B-4604-93F5-D9CD38885BDA} = {66320409-64EC-F7C5-3DEF-65E7510DAAD1}
		{3078FF57-F883-41C4-8DDC-BA010E8E2F0B} = {5D20AA90-6969-D8BD-9DCD-8634F4692FDA}
		{D69B0546-E144-4EDF-899B-81AE458FD8DC} = {66320409-64EC-F7C5-3DEF-65E7510DAAD1}
	EndGlobalSection
EndGlobal
